github.com/gorilla/websocket v1.5.0 h1:PPwGk2jz7EePpoHN/+ClbZu8SPxiqlu12wZP/3sWmnc=
github.com/gorilla/websocket v1.5.0/go.mod h1:YR8l580nyteQvAITg2hZ9XVh4b55+EU/adAjf1fMHhE=
github.com/rakyll/statik v0.1.7 h1:OF3QCZUuyPxuGEP7B4ypUa7sB/iHtqOTDYZXGM8KOdQ=
github.com/rakyll/statik v0.1.7/go.mod h1:AlZONWzMtEnMs7W4e/1LURLiI49pIMmp6V9Unghqrcc=
github.com/webview/webview_go v0.0.0-20240831120633-6173450d4dd6 h1:VQpB2SpK88C6B5lPHTuSZKb2Qee1QWwiFlC5CKY4AW0=
github.com/webview/webview_go v0.0.0-20240831120633-6173450d4dd6/go.mod h1:yE65LFCeWf4kyWD5re+h4XNvOHJEXOCOuJZ4v8l5sgk=
